// !$*UTF8*$!
{
	archiveVersion = 1;
	classes = {
	};
	objectVersion = 77;
	objects = {

/* Begin PBXBuildFile section */
		9F9BAB693015E27600FDAF27 /* Kingfisher in Frameworks */ = {isa = PBXBuildFile; productRef = 9F9BAB683015E27600FDAF27 /* Kingfisher */; };
		9F9BAB6C3016100700FDAF27 /* YouTubePlayerKit in Frameworks */ = {isa = PBXBuildFile; productRef = 9F9BAB6B3016100700FDAF27 /* YouTubePlayerKit */; };
		9FD2070C3015A0030020DDBB /* Alamofire in Frameworks */ = {isa = PBXBuildFile; productRef = 9FD2070B3015A0030020DDBB /* Alamofire */; };
		9FD207663015B0700020DDBB /* SwiftyJSON in Frameworks */ = {isa = PBXBuildFile; productRef = 9FD207653015B0700020DDBB /* SwiftyJSON */; };
/* End PBXBuildFile section */

/* Begin PBXContainerItemProxy section */
		9F66A2482FFCE6EF006F4ED7 /* PBXContainerItemProxy */ = {
			isa = PBXContainerItemProxy;
			containerPortal = 9F66A2322FFCE6ED006F4ED7 /* Project object */;
			proxyType = 1;
			remoteGlobalIDString = 9F66A2392FFCE6ED006F4ED7;
			remoteInfo = TMDBSwiftUIApp;
		};
		9F66A2522FFCE6EF006F4ED7 /* PBXContainerItemProxy */ = {
			isa = PBXContainerItemProxy;
			containerPortal = 9F66A2322FFCE6ED006F4ED7 /* Project object */;
			proxyType = 1;
			remoteGlobalIDString = 9F66A2392FFCE6ED006F4ED7;
			remoteInfo = TMDBSwiftUIApp;
		};
/* End PBXContainerItemProxy section */

/* Begin PBXFileReference section */
		9F66A23A2FFCE6ED006F4ED7 /* TmdbMVVM-SwiftUI.app */ = {isa = PBXFileReference; explicitFileType = wrapper.application; includeInIndex = 0; path = "TmdbMVVM-SwiftUI.app"; sourceTree = BUILT_PRODUCTS_DIR; };
		9F66A2472FFCE6EF006F4ED7 /* TmdbMVVM-SwiftUITests.xctest */ = {isa = PBXFileReference; explicitFileType = wrapper.cfbundle; includeInIndex = 0; path = "TmdbMVVM-SwiftUITests.xctest"; sourceTree = BUILT_PRODUCTS_DIR; };
		9F66A2512FFCE6EF006F4ED7 /* TmdbMVVM-SwiftUIUITests.xctest */ = {isa = PBXFileReference; explicitFileType = wrapper.cfbundle; includeInIndex = 0; path = "TmdbMVVM-SwiftUIUITests.xctest"; sourceTree = BUILT_PRODUCTS_DIR; };
/* End PBXFileReference section */

/* Begin PBXFileSystemSynchronizedRootGroup section */
		9F66A23C2FFCE6ED006F4ED7 /* TmdbMVVM-SwiftUI */ = {
			isa = PBXFileSystemSynchronizedRootGroup;
			path = "TmdbMVVM-SwiftUI";
			sourceTree = "<group>";
		};
		9F66A24A2FFCE6EF006F4ED7 /* TMDBSwiftUIAppTests */ = {
			isa = PBXFileSystemSynchronizedRootGroup;
			path = TMDBSwiftUIAppTests;
			sourceTree = "<group>";
		};
		9F66A2542FFCE6EF006F4ED7 /* TMDBSwiftUIAppUITests */ = {
			isa = PBXFileSystemSynchronizedRootGroup;
			path = TMDBSwiftUIAppUITests;
			sourceTree = "<group>";
		};
/* End PBXFileSystemSynchronizedRootGroup section */

/* Begin PBXFrameworksBuildPhase section */
		9F66A2372FFCE6ED006F4ED7 /* Frameworks */ = {
			isa = PBXFrameworksBuildPhase;
			buildActionMask = 2147483647;
			files = (
				9F9BAB693015E27600FDAF27 /* Kingfisher in Frameworks */,
				9FD207663015B0700020DDBB /* SwiftyJSON in Frameworks */,
				9F9BAB6C3016100700FDAF27 /* YouTubePlayerKit in Frameworks */,
				9FD2070C3015A0030020DDBB /* Alamofire in Frameworks */,
			);
			runOnlyForDeploymentPostprocessing = 0;
		};
		9F66A2442FFCE6EF006F4ED7 /* Frameworks */ = {
			isa = PBXFrameworksBuildPhase;
			buildActionMask = 2147483647;
			files = (
			);
			runOnlyForDeploymentPostprocessing = 0;
		};
		9F66A24E2FFCE6EF006F4ED7 /* Frameworks */ = {
			isa = PBXFrameworksBuildPhase;
			buildActionMask = 2147483647;
			files = (
			);
			runOnlyForDeploymentPostprocessing = 0;
		};
/* End PBXFrameworksBuildPhase section */

/* Begin PBXGroup section */
		9F66A2312FFCE6ED006F4ED7 = {
			isa = PBXGroup;
			children = (
				9F66A23C2FFCE6ED006F4ED7 /* TmdbMVVM-SwiftUI */,
				9F66A24A2FFCE6EF006F4ED7 /* TMDBSwiftUIAppTests */,
				9F66A2542FFCE6EF006F4ED7 /* TMDBSwiftUIAppUITests */,
				9F66A23B2FFCE6ED006F4ED7 /* Products */,
			);
			sourceTree = "<group>";
		};
		9F66A23B2FFCE6ED006F4ED7 /* Products */ = {
			isa = PBXGroup;
			children = (
				9F66A23A2FFCE6ED006F4ED7 /* TmdbMVVM-SwiftUI.app */,
				9F66A2472FFCE6EF006F4ED7 /* TmdbMVVM-SwiftUITests.xctest */,
				9F66A2512FFCE6EF006F4ED7 /* TmdbMVVM-SwiftUIUITests.xctest */,
			);
			name = Products;
			sourceTree = "<group>";
		};
/* End PBXGroup section */

/* Begin PBXNativeTarget section */
		9F66A2392FFCE6ED006F4ED7 /* TmdbMVVM-SwiftUI */ = {
			isa = PBXNativeTarget;
			buildConfigurationList = 9F66A25B2FFCE6EF006F4ED7 /* Build configuration list for PBXNativeTarget "TmdbMVVM-SwiftUI" */;
			buildPhases = (
				9F66A2362FFCE6ED006F4ED7 /* Sources */,
				9F66A2372FFCE6ED006F4ED7 /* Frameworks */,
				9F66A2382FFCE6ED006F4ED7 /* Resources */,
			);
			buildRules = (
			);
			dependencies = (
			);
			fileSystemSynchronizedGroups = (
				9F66A23C2FFCE6ED006F4ED7 /* TmdbMVVM-SwiftUI */,
			);
			name = "TmdbMVVM-SwiftUI";
			packageProductDependencies = (
				9FD2070B3015A0030020DDBB /* Alamofire */,
				9FD207653015B0700020DDBB /* SwiftyJSON */,
				9F9BAB683015E27600FDAF27 /* Kingfisher */,
				9F9BAB6B3016100700FDAF27 /* YouTubePlayerKit */,
			);
			productName = TMDBSwiftUIApp;
			productReference = 9F66A23A2FFCE6ED006F4ED7 /* TmdbMVVM-SwiftUI.app */;
			productType = "com.apple.product-type.application";
		};
		9F66A2462FFCE6EF006F4ED7 /* TmdbMVVM-SwiftUITests */ = {
			isa = PBXNativeTarget;
			buildConfigurationList = 9F66A25E2FFCE6EF006F4ED7 /* Build configuration list for PBXNativeTarget "TmdbMVVM-SwiftUITests" */;
			buildPhases = (
				9F66A2432FFCE6EF006F4ED7 /* Sources */,
				9F66A2442FFCE6EF006F4ED7 /* Frameworks */,
				9F66A2452FFCE6EF006F4ED7 /* Resources */,
			);
			buildRules = (
			);
			dependencies = (
				9F66A2492FFCE6EF006F4ED7 /* PBXTargetDependency */,
			);
			fileSystemSynchronizedGroups = (
				9F66A24A2FFCE6EF006F4ED7 /* TMDBSwiftUIAppTests */,
			);
			name = "TmdbMVVM-SwiftUITests";
			packageProductDependencies = (
			);
			productName = TMDBSwiftUIAppTests;
			productReference = 9F66A2472FFCE6EF006F4ED7 /* TmdbMVVM-SwiftUITests.xctest */;
			productType = "com.apple.product-type.bundle.unit-test";
		};
		9F66A2502FFCE6EF006F4ED7 /* TmdbMVVM-SwiftUIUITests */ = {
			isa = PBXNativeTarget;
			buildConfigurationList = 9F66A2612FFCE6EF006F4ED7 /* Build configuration list for PBXNativeTarget "TmdbMVVM-SwiftUIUITests" */;
			buildPhases = (
				9F66A24D2FFCE6EF006F4ED7 /* Sources */,
				9F66A24E2FFCE6EF006F4ED7 /* Frameworks */,
				9F66A24F2FFCE6EF006F4ED7 /* Resources */,
			);
			buildRules = (
			);
			dependencies = (
				9F66A2532FFCE6EF006F4ED7 /* PBXTargetDependency */,
			);
			fileSystemSynchronizedGroups = (
				9F66A2542FFCE6EF006F4ED7 /* TMDBSwiftUIAppUITests */,
			);
			name = "TmdbMVVM-SwiftUIUITests";
			packageProductDependencies = (
			);
			productName = TMDBSwiftUIAppUITests;
			productReference = 9F66A2512FFCE6EF006F4ED7 /* TmdbMVVM-SwiftUIUITests.xctest */;
			productType = "com.apple.product-type.bundle.ui-testing";
		};
/* End PBXNativeTarget section */

/* Begin PBXProject section */
		9F66A2322FFCE6ED006F4ED7 /* Project object */ = {
			isa = PBXProject;
			attributes = {
				BuildIndependentTargetsInParallel = 1;
				LastSwiftUpdateCheck = 1640;
				LastUpgradeCheck = 1640;
				TargetAttributes = {
					9F66A2392FFCE6ED006F4ED7 = {
						CreatedOnToolsVersion = 16.4;
					};
					9F66A2462FFCE6EF006F4ED7 = {
						CreatedOnToolsVersion = 16.4;
						TestTargetID = 9F66A2392FFCE6ED006F4ED7;
					};
					9F66A2502FFCE6EF006F4ED7 = {
						CreatedOnToolsVersion = 16.4;
						TestTargetID = 9F66A2392FFCE6ED006F4ED7;
					};
				};
			};
			buildConfigurationList = 9F66A2352FFCE6ED006F4ED7 /* Build configuration list for PBXProject "TmdbMVVM-SwiftUI" */;
			developmentRegion = en;
			hasScannedForEncodings = 0;
			knownRegions = (
				en,
				Base,
			);
			mainGroup = 9F66A2312FFCE6ED006F4ED7;
			minimizedProjectReferenceProxies = 1;
			packageReferences = (
				9FD2070A3015A0030020DDBB /* XCRemoteSwiftPackageReference "Alamofire" */,
				9FD207643015B0700020DDBB /* XCRemoteSwiftPackageReference "SwiftyJSON" */,
				9F9BAB673015E27600FDAF27 /* XCRemoteSwiftPackageReference "Kingfisher" */,
				9F9BAB6A3016100700FDAF27 /* XCRemoteSwiftPackageReference "YouTubePlayerKit" */,
			);
			preferredProjectObjectVersion = 77;
			productRefGroup = 9F66A23B2FFCE6ED006F4ED7 /* Products */;
			projectDirPath = "";
			projectRoot = "";
			targets = (
				9F66A2392FFCE6ED006F4ED7 /* TmdbMVVM-SwiftUI */,
				9F66A2462FFCE6EF006F4ED7 /* TmdbMVVM-SwiftUITests */,
				9F66A2502FFCE6EF006F4ED7 /* TmdbMVVM-SwiftUIUITests */,
			);
		};
/* End PBXProject section */

/* Begin PBXResourcesBuildPhase section */
		9F66A2382FFCE6ED006F4ED7 /* Resources */ = {
			isa = PBXResourcesBuildPhase;
			buildActionMask = 2147483647;
			files = (
			);
			runOnlyForDeploymentPostprocessing = 0;
		};
		9F66A2452FFCE6EF006F4ED7 /* Resources */ = {
			isa = PBXResourcesBuildPhase;
			buildActionMask = 2147483647;
			files = (
			);
			runOnlyForDeploymentPostprocessing = 0;
		};
		9F66A24F2FFCE6EF006F4ED7 /* Resources */ = {
			isa = PBXResourcesBuildPhase;
			buildActionMask = 2147483647;
			files = (
			);
			runOnlyForDeploymentPostprocessing = 0;
		};
/* End PBXResourcesBuildPhase section */

/* Begin PBXSourcesBuildPhase section */
		9F66A2362FFCE6ED006F4ED7 /* Sources */ = {
			isa = PBXSourcesBuildPhase;
			buildActionMask = 2147483647;
			files = (
			);
			runOnlyForDeploymentPostprocessing = 0;
		};
		9F66A2432FFCE6EF006F4ED7 /* Sources */ = {
			isa = PBXSourcesBuildPhase;
			buildActionMask = 2147483647;
			files = (
			);
			runOnlyForDeploymentPostprocessing = 0;
		};
		9F66A24D2FFCE6EF006F4ED7 /* Sources */ = {
			isa = PBXSourcesBuildPhase;
			buildActionMask = 2147483647;
			files = (
			);
			runOnlyForDeploymentPostprocessing = 0;
		};
/* End PBXSourcesBuildPhase section */

/* Begin PBXTargetDependency section */
		9F66A2492FFCE6EF006F4ED7 /* PBXTargetDependency */ = {
			isa = PBXTargetDependency;
			target = 9F66A2392FFCE6ED006F4ED7 /* TmdbMVVM-SwiftUI */;
			targetProxy = 9F66A2482FFCE6EF006F4ED7 /* PBXContainerItemProxy */;
		};
		9F66A2532FFCE6EF006F4ED7 /* PBXTargetDependency */ = {
			isa = PBXTargetDependency;
			target = 9F66A2392FFCE6ED006F4ED7 /* TmdbMVVM-SwiftUI */;
			targetProxy = 9F66A2522FFCE6EF006F4ED7 /* PBXContainerItemProxy */;
		};
/* End PBXTargetDependency section */

/* Begin XCBuildConfiguration section */
		9F66A2592FFCE6EF006F4ED7 /* Debug */ = {
			isa = XCBuildConfiguration;
			buildSettings = {
				ALWAYS_SEARCH_USER_PATHS = NO;
				ASSETCATALOG_COMPILER_GENERATE_SWIFT_ASSET_SYMBOL_EXTENSIONS = YES;
				CLANG_ANALYZER_NONNULL = YES;
				CLANG_ANALYZER_NUMBER_OBJECT_CONVERSION = YES_AGGRESSIVE;
				CLANG_CXX_LANGUAGE_STANDARD = "gnu++20";
				CLANG_ENABLE_MODULES = YES;
				CLANG_ENABLE_OBJC_ARC = YES;
				CLANG_ENABLE_OBJC_WEAK = YES;
				CLANG_WARN_BLOCK_CAPTURE_AUTORELEASING = YES;
				CLANG_WARN_BOOL_CONVERSION = YES;
				CLANG_WARN_COMMA = YES;
				CLANG_WARN_CONSTANT_CONVERSION = YES;
				CLANG_WARN_DEPRECATED_OBJC_IMPLEMENTATIONS = YES;
				CLANG_WARN_DIRECT_OBJC_ISA_USAGE = YES_ERROR;
				CLANG_WARN_DOCUMENTATION_COMMENTS = YES;
				CLANG_WARN_EMPTY_BODY = YES;
				CLANG_WARN_ENUM_CONVERSION = YES;
				CLANG_WARN_INFINITE_RECURSION = YES;
				CLANG_WARN_INT_CONVERSION = YES;
				CLANG_WARN_NON_LITERAL_NULL_CONVERSION = YES;
				CLANG_WARN_OBJC_IMPLICIT_RETAIN_SELF = YES;
				CLANG_WARN_OBJC_LITERAL_CONVERSION = YES;
				CLANG_WARN_OBJC_ROOT_CLASS = YES_ERROR;
				CLANG_WARN_QUOTED_INCLUDE_IN_FRAMEWORK_HEADER = YES;
				CLANG_WARN_RANGE_LOOP_ANALYSIS = YES;
				CLANG_WARN_STRICT_PROTOTYPES = YES;
				CLANG_WARN_SUSPICIOUS_MOVE = YES;
				CLANG_WARN_UNGUARDED_AVAILABILITY = YES_AGGRESSIVE;
				CLANG_WARN_UNREACHABLE_CODE = YES;
				CLANG_WARN__DUPLICATE_METHOD_MATCH = YES;
				COPY_PHASE_STRIP = NO;
				DEBUG_INFORMATION_FORMAT = dwarf;
				ENABLE_STRICT_OBJC_MSGSEND = YES;
				ENABLE_TESTABILITY = YES;
				ENABLE_USER_SCRIPT_SANDBOXING = YES;
				GCC_C_LANGUAGE_STANDARD = gnu17;
				GCC_DYNAMIC_NO_PIC = NO;
				GCC_NO_COMMON_BLOCKS = YES;
				GCC_OPTIMIZATION_LEVEL = 0;
				GCC_PREPROCESSOR_DEFINITIONS = (
					"DEBUG=1",
					"$(inherited)",
				);
				GCC_WARN_64_TO_32_BIT_CONVERSION = YES;
				GCC_WARN_ABOUT_RETURN_TYPE = YES_ERROR;
				GCC_WARN_UNDECLARED_SELECTOR = YES;
				GCC_WARN_UNINITIALIZED_AUTOS = YES_AGGRESSIVE;
				GCC_WARN_UNUSED_FUNCTION = YES;
				GCC_WARN_UNUSED_VARIABLE = YES;
				IPHONEOS_DEPLOYMENT_TARGET = 18.5;
				LOCALIZATION_PREFERS_STRING_CATALOGS = YES;
				MTL_ENABLE_DEBUG_INFO = INCLUDE_SOURCE;
				MTL_FAST_MATH = YES;
				ONLY_ACTIVE_ARCH = YES;
				SDKROOT = iphoneos;
				SWIFT_ACTIVE_COMPILATION_CONDITIONS = "DEBUG $(inherited)";
				SWIFT_OPTIMIZATION_LEVEL = "-Onone";
			};
			name = Debug;
		};
		9F66A25A2FFCE6EF006F4ED7 /* Release */ = {
			isa = XCBuildConfiguration;
			buildSettings = {
				ALWAYS_SEARCH_USER_PATHS = NO;
				ASSETCATALOG_COMPILER_GENERATE_SWIFT_ASSET_SYMBOL_EXTENSIONS = YES;
				CLANG_ANALYZER_NONNULL = YES;
				CLANG_ANALYZER_NUMBER_OBJECT_CONVERSION = YES_AGGRESSIVE;
				CLANG_CXX_LANGUAGE_STANDARD = "gnu++20";
				CLANG_ENABLE_MODULES = YES;
				CLANG_ENABLE_OBJC_ARC = YES;
				CLANG_ENABLE_OBJC_WEAK = YES;
				CLANG_WARN_BLOCK_CAPTURE_AUTORELEASING = YES;
				CLANG_WARN_BOOL_CONVERSION = YES;
				CLANG_WARN_COMMA = YES;
				CLANG_WARN_CONSTANT_CONVERSION = YES;
				CLANG_WARN_DEPRECATED_OBJC_IMPLEMENTATIONS = YES;
				CLANG_WARN_DIRECT_OBJC_ISA_USAGE = YES_ERROR;
				CLANG_WARN_DOCUMENTATION_COMMENTS = YES;
				CLANG_WARN_EMPTY_BODY = YES;
				CLANG_WARN_ENUM_CONVERSION = YES;
				CLANG_WARN_INFINITE_RECURSION = YES;
				CLANG_WARN_INT_CONVERSION = YES;
				CLANG_WARN_NON_LITERAL_NULL_CONVERSION = YES;
				CLANG_WARN_OBJC_IMPLICIT_RETAIN_SELF = YES;
				CLANG_WARN_OBJC_LITERAL_CONVERSION = YES;
				CLANG_WARN_OBJC_ROOT_CLASS = YES_ERROR;
				CLANG_WARN_QUOTED_INCLUDE_IN_FRAMEWORK_HEADER = YES;
				CLANG_WARN_RANGE_LOOP_ANALYSIS = YES;
				CLANG_WARN_STRICT_PROTOTYPES = YES;
				CLANG_WARN_SUSPICIOUS_MOVE = YES;
				CLANG_WARN_UNGUARDED_AVAILABILITY = YES_AGGRESSIVE;
				CLANG_WARN_UNREACHABLE_CODE = YES;
				CLANG_WARN__DUPLICATE_METHOD_MATCH = YES;
				COPY_PHASE_STRIP = NO;
				DEBUG_INFORMATION_FORMAT = "dwarf-with-dsym";
				ENABLE_NS_ASSERTIONS = NO;
				ENABLE_STRICT_OBJC_MSGSEND = YES;
				ENABLE_USER_SCRIPT_SANDBOXING = YES;
				GCC_C_LANGUAGE_STANDARD = gnu17;
				GCC_NO_COMMON_BLOCKS = YES;
				GCC_WARN_64_TO_32_BIT_CONVERSION = YES;
				GCC_WARN_ABOUT_RETURN_TYPE = YES_ERROR;
				GCC_WARN_UNDECLARED_SELECTOR = YES;
				GCC_WARN_UNINITIALIZED_AUTOS = YES_AGGRESSIVE;
				GCC_WARN_UNUSED_FUNCTION = YES;
				GCC_WARN_UNUSED_VARIABLE = YES;
				IPHONEOS_DEPLOYMENT_TARGET = 18.5;
				LOCALIZATION_PREFERS_STRING_CATALOGS = YES;
				MTL_ENABLE_DEBUG_INFO = NO;
				MTL_FAST_MATH = YES;
				SDKROOT = iphoneos;
				SWIFT_COMPILATION_MODE = wholemodule;
				VALIDATE_PRODUCT = YES;
			};
			name = Release;
		};
		9F66A25C2FFCE6EF006F4ED7 /* Debug */ = {
			isa = XCBuildConfiguration;
			buildSettings = {
				ASSETCATALOG_COMPILER_APPICON_NAME = AppIcon;
				ASSETCATALOG_COMPILER_GLOBAL_ACCENT_COLOR_NAME = AccentColor;
				CODE_SIGN_STYLE = Automatic;
				CURRENT_PROJECT_VERSION = 1;
				ENABLE_PREVIEWS = YES;
				GENERATE_INFOPLIST_FILE = YES;
				INFOPLIST_KEY_UIApplicationSceneManifest_Generation = YES;
				INFOPLIST_KEY_UIApplicationSupportsIndirectInputEvents = YES;
				INFOPLIST_KEY_UILaunchScreen_Generation = YES;
				INFOPLIST_KEY_UISupportedInterfaceOrientations_iPad = "UIInterfaceOrientationPortrait UIInterfaceOrientationPortraitUpsideDown UIInterfaceOrientationLandscapeLeft UIInterfaceOrientationLandscapeRight";
				INFOPLIST_KEY_UISupportedInterfaceOrientations_iPhone = "UIInterfaceOrientationPortrait UIInterfaceOrientationLandscapeLeft UIInterfaceOrientationLandscapeRight";
				LD_RUNPATH_SEARCH_PATHS = (
					"$(inherited)",
					"@executable_path/Frameworks",
				);
				MARKETING_VERSION = 1.0;
				PRODUCT_BUNDLE_IDENTIFIER = com.dpfht.ios.TMDBSwiftUIApp;
				PRODUCT_NAME = "$(TARGET_NAME)";
				SWIFT_EMIT_LOC_STRINGS = YES;
				SWIFT_VERSION = 5.0;
				TARGETED_DEVICE_FAMILY = "1,2";
			};
			name = Debug;
		};
		9F66A25D2FFCE6EF006F4ED7 /* Release */ = {
			isa = XCBuildConfiguration;
			buildSettings = {
				ASSETCATALOG_COMPILER_APPICON_NAME = AppIcon;
				ASSETCATALOG_COMPILER_GLOBAL_ACCENT_COLOR_NAME = AccentColor;
				CODE_SIGN_STYLE = Automatic;
				CURRENT_PROJECT_VERSION = 1;
				ENABLE_PREVIEWS = YES;
				GENERATE_INFOPLIST_FILE = YES;
				INFOPLIST_KEY_UIApplicationSceneManifest_Generation = YES;
				INFOPLIST_KEY_UIApplicationSupportsIndirectInputEvents = YES;
				INFOPLIST_KEY_UILaunchScreen_Generation = YES;
				INFOPLIST_KEY_UISupportedInterfaceOrientations_iPad = "UIInterfaceOrientationPortrait UIInterfaceOrientationPortraitUpsideDown UIInterfaceOrientationLandscapeLeft UIInterfaceOrientationLandscapeRight";
				INFOPLIST_KEY_UISupportedInterfaceOrientations_iPhone = "UIInterfaceOrientationPortrait UIInterfaceOrientationLandscapeLeft UIInterfaceOrientationLandscapeRight";
				LD_RUNPATH_SEARCH_PATHS = (
					"$(inherited)",
					"@executable_path/Frameworks",
				);
				MARKETING_VERSION = 1.0;
				PRODUCT_BUNDLE_IDENTIFIER = com.dpfht.ios.TMDBSwiftUIApp;
				PRODUCT_NAME = "$(TARGET_NAME)";
				SWIFT_EMIT_LOC_STRINGS = YES;
				SWIFT_VERSION = 5.0;
				TARGETED_DEVICE_FAMILY = "1,2";
			};
			name = Release;
		};
		9F66A25F2FFCE6EF006F4ED7 /* Debug */ = {
			isa = XCBuildConfiguration;
			buildSettings = {
				BUNDLE_LOADER = "$(TEST_HOST)";
				CODE_SIGN_STYLE = Automatic;
				CURRENT_PROJECT_VERSION = 1;
				GENERATE_INFOPLIST_FILE = YES;
				IPHONEOS_DEPLOYMENT_TARGET = 18.5;
				MARKETING_VERSION = 1.0;
				PRODUCT_BUNDLE_IDENTIFIER = com.dpfht.ios.TMDBSwiftUIAppTests;
				PRODUCT_NAME = "$(TARGET_NAME)";
				SWIFT_EMIT_LOC_STRINGS = NO;
				SWIFT_VERSION = 5.0;
				TARGETED_DEVICE_FAMILY = "1,2";
				TEST_HOST = "$(BUILT_PRODUCTS_DIR)/TmdbMVVM-SwiftUI.app/$(BUNDLE_EXECUTABLE_FOLDER_PATH)/TmdbMVVM-SwiftUI";
			};
			name = Debug;
		};
		9F66A2602FFCE6EF006F4ED7 /* Release */ = {
			isa = XCBuildConfiguration;
			buildSettings = {
				BUNDLE_LOADER = "$(TEST_HOST)";
				CODE_SIGN_STYLE = Automatic;
				CURRENT_PROJECT_VERSION = 1;
				GENERATE_INFOPLIST_FILE = YES;
				IPHONEOS_DEPLOYMENT_TARGET = 18.5;
				MARKETING_VERSION = 1.0;
				PRODUCT_BUNDLE_IDENTIFIER = com.dpfht.ios.TMDBSwiftUIAppTests;
				PRODUCT_NAME = "$(TARGET_NAME)";
				SWIFT_EMIT_LOC_STRINGS = NO;
				SWIFT_VERSION = 5.0;
				TARGETED_DEVICE_FAMILY = "1,2";
				TEST_HOST = "$(BUILT_PRODUCTS_DIR)/TmdbMVVM-SwiftUI.app/$(BUNDLE_EXECUTABLE_FOLDER_PATH)/TmdbMVVM-SwiftUI";
			};
			name = Release;
		};
		9F66A2622FFCE6EF006F4ED7 /* Debug */ = {
			isa = XCBuildConfiguration;
			buildSettings = {
				CODE_SIGN_STYLE = Automatic;
				CURRENT_PROJECT_VERSION = 1;
				GENERATE_INFOPLIST_FILE = YES;
				MARKETING_VERSION = 1.0;
				PRODUCT_BUNDLE_IDENTIFIER = com.dpfht.ios.TMDBSwiftUIAppUITests;
				PRODUCT_NAME = "$(TARGET_NAME)";
				SWIFT_EMIT_LOC_STRINGS = NO;
				SWIFT_VERSION = 5.0;
				TARGETED_DEVICE_FAMILY = "1,2";
				TEST_TARGET_NAME = TMDBSwiftUIApp;
			};
			name = Debug;
		};
		9F66A2632FFCE6EF006F4ED7 /* Release */ = {
			isa = XCBuildConfiguration;
			buildSettings = {
				CODE_SIGN_STYLE = Automatic;
				CURRENT_PROJECT_VERSION = 1;
				GENERATE_INFOPLIST_FILE = YES;
				MARKETING_VERSION = 1.0;
				PRODUCT_BUNDLE_IDENTIFIER = com.dpfht.ios.TMDBSwiftUIAppUITests;
				PRODUCT_NAME = "$(TARGET_NAME)";
				SWIFT_EMIT_LOC_STRINGS = NO;
				SWIFT_VERSION = 5.0;
				TARGETED_DEVICE_FAMILY = "1,2";
				TEST_TARGET_NAME = TMDBSwiftUIApp;
			};
			name = Release;
		};
/* End XCBuildConfiguration section */

/* Begin XCConfigurationList section */
		9F66A2352FFCE6ED006F4ED7 /* Build configuration list for PBXProject "TmdbMVVM-SwiftUI" */ = {
			isa = XCConfigurationList;
			buildConfigurations = (
				9F66A2592FFCE6EF006F4ED7 /* Debug */,
				9F66A25A2FFCE6EF006F4ED7 /* Release */,
			);
			defaultConfigurationIsVisible = 0;
			defaultConfigurationName = Release;
		};
		9F66A25B2FFCE6EF006F4ED7 /* Build configuration list for PBXNativeTarget "TmdbMVVM-SwiftUI" */ = {
			isa = XCConfigurationList;
			buildConfigurations = (
				9F66A25C2FFCE6EF006F4ED7 /* Debug */,
				9F66A25D2FFCE6EF006F4ED7 /* Release */,
			);
			defaultConfigurationIsVisible = 0;
			defaultConfigurationName = Release;
		};
		9F66A25E2FFCE6EF006F4ED7 /* Build configuration list for PBXNativeTarget "TmdbMVVM-SwiftUITests" */ = {
			isa = XCConfigurationList;
			buildConfigurations = (
				9F66A25F2FFCE6EF006F4ED7 /* Debug */,
				9F66A2602FFCE6EF006F4ED7 /* Release */,
			);
			defaultConfigurationIsVisible = 0;
			defaultConfigurationName = Release;
		};
		9F66A2612FFCE6EF006F4ED7 /* Build configuration list for PBXNativeTarget "TmdbMVVM-SwiftUIUITests" */ = {
			isa = XCConfigurationList;
			buildConfigurations = (
				9F66A2622FFCE6EF006F4ED7 /* Debug */,
				9F66A2632FFCE6EF006F4ED7 /* Release */,
			);
			defaultConfigurationIsVisible = 0;
			defaultConfigurationName = Release;
		};
/* End XCConfigurationList section */

/* Begin XCRemoteSwiftPackageReference section */
		9F9BAB673015E27600FDAF27 /* XCRemoteSwiftPackageReference "Kingfisher" */ = {
			isa = XCRemoteSwiftPackageReference;
			repositoryURL = "https://github.com/onevcat/Kingfisher.git";
			requirement = {
				kind = upToNextMajorVersion;
				minimumVersion = 8.11.0;
			};
		};
		9F9BAB6A3016100700FDAF27 /* XCRemoteSwiftPackageReference "YouTubePlayerKit" */ = {
			isa = XCRemoteSwiftPackageReference;
			repositoryURL = "https://github.com/SvenTiigi/YouTubePlayerKit.git";
			requirement = {
				kind = upToNextMajorVersion;
				minimumVersion = 2.0.5;
			};
		};
		9FD2070A3015A0030020DDBB /* XCRemoteSwiftPackageReference "Alamofire" */ = {
			isa = XCRemoteSwiftPackageReference;
			repositoryURL = "https://github.com/Alamofire/Alamofire.git";
			requirement = {
				kind = upToNextMajorVersion;
				minimumVersion = 5.12.0;
			};
		};
		9FD207643015B0700020DDBB /* XCRemoteSwiftPackageReference "SwiftyJSON" */ = {
			isa = XCRemoteSwiftPackageReference;
			repositoryURL = "https://github.com/SwiftyJSON/SwiftyJSON.git";
			requirement = {
				kind = upToNextMajorVersion;
				minimumVersion = 5.0.2;
			};
		};
/* End XCRemoteSwiftPackageReference section */

/* Begin XCSwiftPackageProductDependency section */
		9F9BAB683015E27600FDAF27 /* Kingfisher */ = {
			isa = XCSwiftPackageProductDependency;
			package = 9F9BAB673015E27600FDAF27 /* XCRemoteSwiftPackageReference "Kingfisher" */;
			productName = Kingfisher;
		};
		9F9BAB6B3016100700FDAF27 /* YouTubePlayerKit */ = {
			isa = XCSwiftPackageProductDependency;
			package = 9F9BAB6A3016100700FDAF27 /* XCRemoteSwiftPackageReference "YouTubePlayerKit" */;
			productName = YouTubePlayerKit;
		};
		9FD2070B3015A0030020DDBB /* Alamofire */ = {
			isa = XCSwiftPackageProductDependency;
			package = 9FD2070A3015A0030020DDBB /* XCRemoteSwiftPackageReference "Alamofire" */;
			productName = Alamofire;
		};
		9FD207653015B0700020DDBB /* SwiftyJSON */ = {
			isa = XCSwiftPackageProductDependency;
			package = 9FD207643015B0700020DDBB /* XCRemoteSwiftPackageReference "SwiftyJSON" */;
			productName = SwiftyJSON;
		};
/* End XCSwiftPackageProductDependency section */
	};
	rootObject = 9F66A2322FFCE6ED006F4ED7 /* Project object */;
}
